
Microsoft Visual Studio Solution File, Format Version 12.00
# Visual Studio Version 16
VisualStudioVersion = 16.0.31005.135
MinimumVisualStudioVersion = 10.0.40219.1
Project("{9A19103F-16F7-4668-BE54-9A1E7A4F7556}") = "Classes", "Classes\Classes.csproj", "{A14D625E-577C-438F-BBD3-C94BF5C9F6E1}"
EndProject
Project("{FAE04EC0-301F-11D3-BF4B-00C04F79EFBC}") = "Menu", "Menu\Menu.csproj", "{975D068F-E8CE-42DC-99FB-DD6378E47A22}"
EndProject
Global
	GlobalSection(SolutionConfigurationPlatforms) = preSolution
		Debug|Any CPU = Debug|Any CPU
		Release|Any CPU = Release|Any CPU
	EndGlobalSection
	GlobalSection(ProjectConfigurationPlatforms) = postSolution
		{A14D625E-577C-438F-BBD3-C94BF5C9F6E1}.Debug|Any CPU.ActiveCfg = Debug|Any CPU
		{A14D625E-577C-438F-BBD3-C94BF5C9F6E1}.Debug|Any CPU.Build.0 = Debug|Any CPU
		{A14D625E-577C-438F-BBD3-C94BF5C9F6E1}.Release|Any CPU.ActiveCfg = Release|Any CPU
		{A14D625E-577C-438F-BBD3-C94BF5C9F6E1}.Release|Any CPU.Build.0 = Release|Any CPU
		{975D068F-E8CE-42DC-99FB-DD6378E47A22}.Debug|Any CPU.ActiveCfg = Debug|x64
		{975D068F-E8CE-42DC-99FB-DD6378E47A22}.Debug|Any CPU.Build.0 = Debug|x64
		{975D068F-E8CE-42DC-99FB-DD6378E47A22}.Release|Any CPU.ActiveCfg = Release|Any CPU
		{975D068F-E8CE-42DC-99FB-DD6378E47A22}.Release|Any CPU.Build.0 = Release|Any CPU
	EndGlobalSection
	GlobalSection(SolutionProperties) = preSolution
		HideSolutionNode = FALSE
	EndGlobalSection
	GlobalSection(ExtensibilityGlobals) = postSolution
		SolutionGuid = {86435ACF-DA74-409D-B472-1A86C78E9613}
	EndGlobalSection
EndGlobal
